
Microsoft Visual Studio Solution File, Format Version 12.00
# Visual Studio Version 16
VisualStudioVersion = 16.0.29806.167
MinimumVisualStudioVersion = 10.0.40219.1
Project("{FAE04EC0-301F-11D3-BF4B-00C04F79EFBC}") = "MVC4React", "MVC4React\MVC4React.csproj", "{0F3B4223-F6C7-47A2-97E9-5EE0B3C38C79}"
EndProject
Global
	GlobalSection(SolutionConfigurationPlatforms) = preSolution
		Debug|Any CPU = Debug|Any CPU
		Release|Any CPU = Release|Any CPU
	EndGlobalSection
	GlobalSection(ProjectConfigurationPlatforms) = postSolution
		{0F3B4223-F6C7-47A2-97E9-5EE0B3C38C79}.Debug|Any CPU.ActiveCfg = Debug|Any CPU
		{0F3B4223-F6C7-47A2-97E9-5EE0B3C38C79}.Debug|Any CPU.Build.0 = Debug|Any CPU
		{0F3B4223-F6C7-47A2-97E9-5EE0B3C38C79}.Release|Any CPU.ActiveCfg = Release|Any CPU
		{0F3B4223-F6C7-47A2-97E9-5EE0B3C38C79}.Release|Any CPU.Build.0 = Release|Any CPU
	EndGlobalSection
	GlobalSection(SolutionProperties) = preSolution
		HideSolutionNode = FALSE
	EndGlobalSection
	GlobalSection(ExtensibilityGlobals) = postSolution
		SolutionGuid = {418FE269-A0C2-4998-943D-EE6CDE7EBBF9}
	EndGlobalSection
EndGlobal
